
Microsoft Visual Studio Solution File, Format Version 12.00
# Visual Studio Version 16
VisualStudioVersion = 16.0.30717.126
MinimumVisualStudioVersion = 10.0.40219.1
Project("{2150E333-8FDC-42A3-9474-1A3956D46DE8}") = "src", "src", "{204E2687-44FD-4671-A3C3-8DB3ABDEE800}"
EndProject
Project("{9A19103F-16F7-4668-BE54-9A1E7A4F7556}") = "ITL.Application", "src\ITL.Application\ITL.Application.csproj", "{A1FA8445-16E8-4D50-B665-DFB458696333}"
EndProject
Project("{9A19103F-16F7-4668-BE54-9A1E7A4F7556}") = "ITL.Domain", "src\ITL.Domain\ITL.Domain.csproj", "{6ECC0C32-A5EB-4787-AEA1-65773E205BA4}"
EndProject
Project("{9A19103F-16F7-4668-BE54-9A1E7A4F7556}") = "ITL.API", "src\ITL.API\ITL.API.csproj", "{987664AB-8F96-4159-944A-E0B170A204AF}"
EndProject
Project("{FAE04EC0-301F-11D3-BF4B-00C04F79EFBC}") = "ITL.Infrastructure", "src\ITL.Infrastructure\ITL.Infrastructure.csproj", "{6D874FB0-21E7-4240-80E3-806801411C23}"
EndProject
Project("{FAE04EC0-301F-11D3-BF4B-00C04F79EFBC}") = "ITL.Tests", "src\ITL.Tests\ITL.Tests.csproj", "{A8D53FC0-DDE8-4F38-8427-536C7C877004}"
EndProject
Global
	GlobalSection(SolutionConfigurationPlatforms) = preSolution
		Debug|Any CPU = Debug|Any CPU
		Debug|x64 = Debug|x64
		Debug|x86 = Debug|x86
		Release|Any CPU = Release|Any CPU
		Release|x64 = Release|x64
		Release|x86 = Release|x86
	EndGlobalSection
	GlobalSection(ProjectConfigurationPlatforms) = postSolution
		{A1FA8445-16E8-4D50-B665-DFB458696333}.Debug|Any CPU.ActiveCfg = Debug|Any CPU
		{A1FA8445-16E8-4D50-B665-DFB458696333}.Debug|Any CPU.Build.0 = Debug|Any CPU
		{A1FA8445-16E8-4D50-B665-DFB458696333}.Debug|x64.ActiveCfg = Debug|Any CPU
		{A1FA8445-16E8-4D50-B665-DFB458696333}.Debug|x64.Build.0 = Debug|Any CPU
		{A1FA8445-16E8-4D50-B665-DFB458696333}.Debug|x86.ActiveCfg = Debug|Any CPU
		{A1FA8445-16E8-4D50-B665-DFB458696333}.Debug|x86.Build.0 = Debug|Any CPU
		{A1FA8445-16E8-4D50-B665-DFB458696333}.Release|Any CPU.ActiveCfg = Release|Any CPU
		{A1FA8445-16E8-4D50-B665-DFB458696333}.Release|Any CPU.Build.0 = Release|Any CPU
		{A1FA8445-16E8-4D50-B665-DFB458696333}.Release|x64.ActiveCfg = Release|Any CPU
		{A1FA8445-16E8-4D50-B665-DFB458696333}.Release|x64.Build.0 = Release|Any CPU
		{A1FA8445-16E8-4D50-B665-DFB458696333}.Release|x86.ActiveCfg = Release|Any CPU
		{A1FA8445-16E8-4D50-B665-DFB458696333}.Release|x86.Build.0 = Release|Any CPU
		{6ECC0C32-A5EB-4787-AEA1-65773E205BA4}.Debug|Any CPU.ActiveCfg = Debug|Any CPU
		{6ECC0C32-A5EB-4787-AEA1-65773E205BA4}.Debug|Any CPU.Build.0 = Debug|Any CPU
		{6ECC0C32-A5EB-4787-AEA1-65773E205BA4}.Debug|x64.ActiveCfg = Debug|Any CPU
		{6ECC0C32-A5EB-4787-AEA1-65773E205BA4}.Debug|x64.Build.0 = Debug|Any CPU
		{6ECC0C32-A5EB-4787-AEA1-65773E205BA4}.Debug|x86.ActiveCfg = Debug|Any CPU
		{6ECC0C32-A5EB-4787-AEA1-65773E205BA4}.Debug|x86.Build.0 = Debug|Any CPU
		{6ECC0C32-A5EB-4787-AEA1-65773E205BA4}.Release|Any CPU.ActiveCfg = Release|Any CPU
		{6ECC0C32-A5EB-4787-AEA1-65773E205BA4}.Release|Any CPU.Build.0 = Release|Any CPU
		{6ECC0C32-A5EB-4787-AEA1-65773E205BA4}.Release|x64.ActiveCfg = Release|Any CPU
		{6ECC0C32-A5EB-4787-AEA1-65773E205BA4}.Release|x64.Build.0 = Release|Any CPU
		{6ECC0C32-A5EB-4787-AEA1-65773E205BA4}.Release|x86.ActiveCfg = Release|Any CPU
		{6ECC0C32-A5EB-4787-AEA1-65773E205BA4}.Release|x86.Build.0 = Release|Any CPU
		{987664AB-8F96-4159-944A-E0B170A204AF}.Debug|Any CPU.ActiveCfg = Debug|Any CPU
		{987664AB-8F96-4159-944A-E0B170A204AF}.Debug|Any CPU.Build.0 = Debug|Any CPU
		{987664AB-8F96-4159-944A-E0B170A204AF}.Debug|x64.ActiveCfg = Debug|Any CPU
		{987664AB-8F96-4159-944A-E0B170A204AF}.Debug|x64.Build.0 = Debug|Any CPU
		{987664AB-8F96-4159-944A-E0B170A204AF}.Debug|x86.ActiveCfg = Debug|Any CPU
		{987664AB-8F96-4159-944A-E0B170A204AF}.Debug|x86.Build.0 = Debug|Any CPU
		{987664AB-8F96-4159-944A-E0B170A204AF}.Release|Any CPU.ActiveCfg = Release|Any CPU
		{987664AB-8F96-4159-944A-E0B170A204AF}.Release|Any CPU.Build.0 = Release|Any CPU
		{987664AB-8F96-4159-944A-E0B170A204AF}.Release|x64.ActiveCfg = Release|Any CPU
		{987664AB-8F96-4159-944A-E0B170A204AF}.Release|x64.Build.0 = Release|Any CPU
		{987664AB-8F96-4159-944A-E0B170A204AF}.Release|x86.ActiveCfg = Release|Any CPU
		{987664AB-8F96-4159-944A-E0B170A204AF}.Release|x86.Build.0 = Release|Any CPU
		{6D874FB0-21E7-4240-80E3-806801411C23}.Debug|Any CPU.ActiveCfg = Debug|Any CPU
		{6D874FB0-21E7-4240-80E3-806801411C23}.Debug|Any CPU.Build.0 = Debug|Any CPU
		{6D874FB0-21E7-4240-80E3-806801411C23}.Debug|x64.ActiveCfg = Debug|Any CPU
		{6D874FB0-21E7-4240-80E3-806801411C23}.Debug|x64.Build.0 = Debug|Any CPU
		{6D874FB0-21E7-4240-80E3-806801411C23}.Debug|x86.ActiveCfg = Debug|Any CPU
		{6D874FB0-21E7-4240-80E3-806801411C23}.Debug|x86.Build.0 = Debug|Any CPU
		{6D874FB0-21E7-4240-80E3-806801411C23}.Release|Any CPU.ActiveCfg = Release|Any CPU
		{6D874FB0-21E7-4240-80E3-806801411C23}.Release|Any CPU.Build.0 = Release|Any CPU
		{6D874FB0-21E7-4240-80E3-806801411C23}.Release|x64.ActiveCfg = Release|Any CPU
		{6D874FB0-21E7-4240-80E3-806801411C23}.Release|x64.Build.0 = Release|Any CPU
		{6D874FB0-21E7-4240-80E3-806801411C23}.Release|x86.ActiveCfg = Release|Any CPU
		{6D874FB0-21E7-4240-80E3-806801411C23}.Release|x86.Build.0 = Release|Any CPU
		{A8D53FC0-DDE8-4F38-8427-536C7C877004}.Debug|Any CPU.ActiveCfg = Debug|Any CPU
		{A8D53FC0-DDE8-4F38-8427-536C7C877004}.Debug|Any CPU.Build.0 = Debug|Any CPU
		{A8D53FC0-DDE8-4F38-8427-536C7C877004}.Debug|x64.ActiveCfg = Debug|Any CPU
		{A8D53FC0-DDE8-4F38-8427-536C7C877004}.Debug|x64.Build.0 = Debug|Any CPU
		{A8D53FC0-DDE8-4F38-8427-536C7C877004}.Debug|x86.ActiveCfg = Debug|Any CPU
		{A8D53FC0-DDE8-4F38-8427-536C7C877004}.Debug|x86.Build.0 = Debug|Any CPU
		{A8D53FC0-DDE8-4F38-8427-536C7C877004}.Release|Any CPU.ActiveCfg = Release|Any CPU
		{A8D53FC0-DDE8-4F38-8427-536C7C877004}.Release|Any CPU.Build.0 = Release|Any CPU
		{A8D53FC0-DDE8-4F38-8427-536C7C877004}.Release|x64.ActiveCfg = Release|Any CPU
		{A8D53FC0-DDE8-4F38-8427-536C7C877004}.Release|x64.Build.0 = Release|Any CPU
		{A8D53FC0-DDE8-4F38-8427-536C7C877004}.Release|x86.ActiveCfg = Release|Any CPU
		{A8D53FC0-DDE8-4F38-8427-536C7C877004}.Release|x86.Build.0 = Release|Any CPU
	EndGlobalSection
	GlobalSection(SolutionProperties) = preSolution
		HideSolutionNode = FALSE
	EndGlobalSection
	GlobalSection(NestedProjects) = preSolution
		{A1FA8445-16E8-4D50-B665-DFB458696333} = {204E2687-44FD-4671-A3C3-8DB3ABDEE800}
		{6ECC0C32-A5EB-4787-AEA1-65773E205BA4} = {204E2687-44FD-4671-A3C3-8DB3ABDEE800}
		{987664AB-8F96-4159-944A-E0B170A204AF} = {204E2687-44FD-4671-A3C3-8DB3ABDEE800}
		{6D874FB0-21E7-4240-80E3-806801411C23} = {204E2687-44FD-4671-A3C3-8DB3ABDEE800}
		{A8D53FC0-DDE8-4F38-8427-536C7C877004} = {204E2687-44FD-4671-A3C3-8DB3ABDEE800}
	EndGlobalSection
	GlobalSection(ExtensibilityGlobals) = postSolution
		SolutionGuid = {B3370B43-74F2-4DAC-A11C-123BA94E81A4}
	EndGlobalSection
EndGlobal
