        "vue": "2.6.14",
        "@eslint/eslintrc": "^2.1.3",
        "vue-loader": "^15.11.1",
        "vue-style-loader": "^4.1.3",
        "vue-template-compiler": "^2.6.14",
        "node": ">= 18.0.0",
        "npm": ">= 9.0.0"
      "dev": true,
      "dev": true,
      "dev": true,
      "dev": true,
    "node_modules/@eslint/eslintrc": {
      "version": "2.1.4",
      "resolved": "https://registry.npmjs.org/@eslint/eslintrc/-/eslintrc-2.1.4.tgz",
      "integrity": "sha512-269Z39MS6wVJtsoUl10L60WdkhJVdPG24Q4eZTH3nnF6lpvSShEK3wQjDX9JRWAUPvPh7COouPpU9IrqaZFvtQ==",
      "dev": true,
      "license": "MIT",
      "dependencies": {
        "ajv": "^6.12.4",
        "debug": "^4.3.2",
        "espree": "^9.6.0",
        "globals": "^13.19.0",
        "ignore": "^5.2.0",
        "import-fresh": "^3.2.1",
        "js-yaml": "^4.1.0",
        "minimatch": "^3.1.2",
        "strip-json-comments": "^3.1.1"
      },
      "engines": {
        "node": "^12.22.0 || ^14.17.0 || >=16.0.0"
      },
      "funding": {
        "url": "https://opencollective.com/eslint"
      }
    },
    "node_modules/@eslint/eslintrc/node_modules/acorn": {
      "version": "8.15.0",
      "resolved": "https://registry.npmjs.org/acorn/-/acorn-8.15.0.tgz",
      "integrity": "sha512-NZyJarBfL7nWwIq+FDL6Zp/yHEhePMNnnJ0y3qfieCrmNvYct8uvtiV41UvlSe6apAfk0fY1FbWx+NwfmpvtTg==",
      "dev": true,
      "license": "MIT",
      "bin": {
        "acorn": "bin/acorn"
      },
      "engines": {
        "node": ">=0.4.0"
      }
    },
    "node_modules/@eslint/eslintrc/node_modules/acorn-jsx": {
      "version": "5.3.2",
      "resolved": "https://registry.npmjs.org/acorn-jsx/-/acorn-jsx-5.3.2.tgz",
      "integrity": "sha512-rq9s+JNhf0IChjtDXxllJ7g41oZk5SlXtp0LHwyA5cejwn7vKmKp4pPri6YEePv2PU65sAsegbXtIinmDFDXgQ==",
      "dev": true,
      "license": "MIT",
      "peerDependencies": {
        "acorn": "^6.0.0 || ^7.0.0 || ^8.0.0"
      }
    },
    "node_modules/@eslint/eslintrc/node_modules/ajv": {
      "version": "6.12.6",
      "resolved": "https://registry.npmjs.org/ajv/-/ajv-6.12.6.tgz",
      "integrity": "sha512-j3fVLgvTo527anyYyJOGTYJbG+vnnQYvE0m5mmkc1TK+nxAppkCLMIL0aZ4dblVCNoGShhm+kzE4ZUykBoMg4g==",
      "dev": true,
      "license": "MIT",
      "dependencies": {
        "fast-deep-equal": "^3.1.1",
        "fast-json-stable-stringify": "^2.0.0",
        "json-schema-traverse": "^0.4.1",
        "uri-js": "^4.2.2"
      },
      "funding": {
        "type": "github",
        "url": "https://github.com/sponsors/epoberezkin"
      }
    },
    "node_modules/@eslint/eslintrc/node_modules/argparse": {
      "version": "2.0.1",
      "resolved": "https://registry.npmjs.org/argparse/-/argparse-2.0.1.tgz",
      "integrity": "sha512-8+9WqebbFzpX9OR+Wa6O29asIogeRMzcGtAINdpMHHyAg10f05aSFVBbcEqGf/PXw1EjAZ+q2/bEBg3DvurK3Q==",
      "dev": true,
      "license": "Python-2.0"
    },
    "node_modules/@eslint/eslintrc/node_modules/eslint-visitor-keys": {
      "version": "3.4.3",
      "resolved": "https://registry.npmjs.org/eslint-visitor-keys/-/eslint-visitor-keys-3.4.3.tgz",
      "integrity": "sha512-wpc+LXeiyiisxPlEkUzU6svyS1frIO3Mgxj1fdy7Pm8Ygzguax2N3Fa/D/ag1WqbOprdI+uY6wMUl8/a2G+iag==",
      "dev": true,
      "license": "Apache-2.0",
      "engines": {
        "node": "^12.22.0 || ^14.17.0 || >=16.0.0"
      },
      "funding": {
        "url": "https://opencollective.com/eslint"
      }
    },
    "node_modules/@eslint/eslintrc/node_modules/espree": {
      "version": "9.6.1",
      "resolved": "https://registry.npmjs.org/espree/-/espree-9.6.1.tgz",
      "integrity": "sha512-oruZaFkjorTpF32kDSI5/75ViwGeZginGGy2NoOSg3Q9bnwlnmDm4HLnkl0RE3n+njDXR037aY1+x58Z/zFdwQ==",
      "dev": true,
      "license": "BSD-2-Clause",
      "dependencies": {
        "acorn": "^8.9.0",
        "acorn-jsx": "^5.3.2",
        "eslint-visitor-keys": "^3.4.1"
      },
      "engines": {
        "node": "^12.22.0 || ^14.17.0 || >=16.0.0"
      },
      "funding": {
        "url": "https://opencollective.com/eslint"
      }
    },
    "node_modules/@eslint/eslintrc/node_modules/fast-deep-equal": {
      "version": "3.1.3",
      "resolved": "https://registry.npmjs.org/fast-deep-equal/-/fast-deep-equal-3.1.3.tgz",
      "integrity": "sha512-f3qQ9oQy9j2AhBe/H9VC91wLmKBCCU/gDOnKNAYG5hswO7BLKj09Hc5HYNz9cGI++xlpDCIgDaitVs03ATR84Q==",
      "dev": true,
      "license": "MIT"
    },
    "node_modules/@eslint/eslintrc/node_modules/globals": {
      "version": "13.24.0",
      "resolved": "https://registry.npmjs.org/globals/-/globals-13.24.0.tgz",
      "integrity": "sha512-AhO5QUcj8llrbG09iWhPU2B204J1xnPeL8kQmVorSsy+Sjj1sk8gIyh6cUocGmH4L0UuhAJy+hJMRA4mgA4mFQ==",
      "dev": true,
      "license": "MIT",
      "dependencies": {
        "type-fest": "^0.20.2"
      },
      "engines": {
        "node": ">=8"
      },
      "funding": {
        "url": "https://github.com/sponsors/sindresorhus"
      }
    },
    "node_modules/@eslint/eslintrc/node_modules/ignore": {
      "version": "5.3.2",
      "resolved": "https://registry.npmjs.org/ignore/-/ignore-5.3.2.tgz",
      "integrity": "sha512-hsBTNUqQTDwkWtcdYI2i06Y/nUBEsNEDJKjWdigLvegy8kDuJAS8uRlpkkcQpyEXL0Z/pjDy5HBmMjRCJ2gq+g==",
      "dev": true,
      "license": "MIT",
      "engines": {
        "node": ">= 4"
      }
    },
    "node_modules/@eslint/eslintrc/node_modules/js-yaml": {
      "version": "4.1.0",
      "resolved": "https://registry.npmjs.org/js-yaml/-/js-yaml-4.1.0.tgz",
      "integrity": "sha512-wpxZs9NoxZaJESJGIZTyDEaYpl0FKSA+FB9aJiyemKhMwkxQg63h4T1KJgUGHpTqPDNRcmmYLugrRjJlBtWvRA==",
      "dev": true,
      "license": "MIT",
      "dependencies": {
        "argparse": "^2.0.1"
      },
      "bin": {
        "js-yaml": "bin/js-yaml.js"
      }
    },
    "node_modules/@eslint/eslintrc/node_modules/json-schema-traverse": {
      "version": "0.4.1",
      "resolved": "https://registry.npmjs.org/json-schema-traverse/-/json-schema-traverse-0.4.1.tgz",
      "integrity": "sha512-xbbCH5dCYU5T8LcEhhuh7HJ88HXuW3qsI3Y0zOZFKfZEHcpWiHU/Jxzk629Brsab/mMiHQti9wMP+845RPe3Vg==",
      "dev": true,
      "license": "MIT"
    },
    "node_modules/@eslint/eslintrc/node_modules/strip-json-comments": {
      "version": "3.1.1",
      "resolved": "https://registry.npmjs.org/strip-json-comments/-/strip-json-comments-3.1.1.tgz",
      "integrity": "sha512-6fPc+R4ihwqP6N/aIv2f1gMH8lOVtWQHoqC4yK6oSDVVocumAsfCqjkXnqiYMhmMwS/mEHLp7Vehlt3ql6lEig==",
      "dev": true,
      "license": "MIT",
      "engines": {
        "node": ">=8"
      },
      "funding": {
        "url": "https://github.com/sponsors/sindresorhus"
      }
    },
    "node_modules/@eslint/eslintrc/node_modules/type-fest": {
      "version": "0.20.2",
      "resolved": "https://registry.npmjs.org/type-fest/-/type-fest-0.20.2.tgz",
      "integrity": "sha512-Ne+eE4r0/iWnpAxD852z3A+N0Bt5RN//NjJwRd2VFHEmrywxf5vsZlh4R6lixl6B+wz/8d+maTSAkN1FIkI3LQ==",
      "dev": true,
      "license": "(MIT OR CC0-1.0)",
      "engines": {
        "node": ">=10"
      },
      "funding": {
        "url": "https://github.com/sponsors/sindresorhus"
      }
    },
      "integrity": "sha512-gv3ZRaISU3fjPAgNsriBRqGWQL6quFx04YMPW/zD8XMLsU32mhCCbfbO6KZFLjvYpCZ8zyDEgqsgf+PwPaM7GQ==",
      "dev": true
    "node_modules/@vue/component-compiler-utils": {
      "version": "3.3.0",
      "resolved": "https://registry.npmjs.org/@vue/component-compiler-utils/-/component-compiler-utils-3.3.0.tgz",
      "integrity": "sha512-97sfH2mYNU+2PzGrmK2haqffDpVASuib9/w2/noxiFi31Z54hW+q3izKQXXQZSNhtiUpAI36uSuYepeBe4wpHQ==",
      "dev": true,
      "license": "MIT",
        "consolidate": "^0.15.1",
        "hash-sum": "^1.0.2",
        "lru-cache": "^4.1.2",
        "merge-source-map": "^1.1.0",
        "postcss": "^7.0.36",
        "postcss-selector-parser": "^6.0.2",
        "source-map": "~0.6.1",
        "vue-template-es2015-compiler": "^1.9.0"
      "optionalDependencies": {
        "prettier": "^1.18.2 || ^2.0.0"
    "node_modules/@vue/component-compiler-utils/node_modules/picocolors": {
      "version": "0.2.1",
      "resolved": "https://registry.npmjs.org/picocolors/-/picocolors-0.2.1.tgz",
      "integrity": "sha512-cMlDqaLEqfSaW8Z7N5Jw+lyIW869EzT73/F5lhtY9cLGoVxSXznfgfXMO0Z5K0o0Q2TkTXq+0KFsdnSe3jDViA==",
      "dev": true,
      "license": "ISC"
    "node_modules/@vue/component-compiler-utils/node_modules/postcss": {
      "version": "7.0.39",
      "resolved": "https://registry.npmjs.org/postcss/-/postcss-7.0.39.tgz",
      "integrity": "sha512-yioayjNbHn6z1/Bywyb2Y4s3yvDAeXGOyxqD+LnVOinq6Mdmd++SW2wUNVzavyyHxd6+DxzWGIuosg6P1Rj8uA==",
      "dev": true,
      "license": "MIT",
        "picocolors": "^0.2.1",
        "source-map": "^0.6.1"
      "engines": {
        "node": ">=6.0.0"
      },
      "funding": {
        "type": "opencollective",
        "url": "https://opencollective.com/postcss/"
    "node_modules/@vue/component-compiler-utils/node_modules/source-map": {
      "version": "0.6.1",
      "resolved": "https://registry.npmjs.org/source-map/-/source-map-0.6.1.tgz",
      "integrity": "sha512-UjgapumWlbMhkBgzT7Ykc5YXUT46F0iKu8SGXq0bcwP5dz/h0Plj6enJqjz1Zbq2l5WaqYnrVbwWOWMyF3F47g==",
      "dev": true,
      "license": "BSD-3-Clause",
      "engines": {
        "node": ">=0.10.0"
      }
    "node_modules/consolidate": {
      "version": "0.15.1",
      "resolved": "https://registry.npmjs.org/consolidate/-/consolidate-0.15.1.tgz",
      "integrity": "sha512-DW46nrsMJgy9kqAbPt5rKaCr7uFtpo4mSUvLHIUbJEjm0vo+aY5QLwBUq3FK4tRnJr/X0Psc0C4jf/h+HtXSMw==",
      "deprecated": "Please upgrade to consolidate v1.0.0+ as it has been modernized with several long-awaited fixes implemented. Maintenance is supported by Forward Email at https://forwardemail.net ; follow/watch https://github.com/ladjs/consolidate for updates and release changelog",
      "dev": true,
      "license": "MIT",
      "dependencies": {
        "bluebird": "^3.1.1"
      },
      "engines": {
        "node": ">= 0.10.0"
      }
    },
      "integrity": "sha512-fUs4B4L+mlt8/XAtSOGMUO1TXmAelItBPtJG7CyHJfYTdDjwisntGO2JQz7oUsatOY9o68+57eziUVNw/mRHmA==",
      "dev": true,
      "license": "MIT"
    "node_modules/merge-source-map": {
      "version": "1.1.0",
      "resolved": "https://registry.npmjs.org/merge-source-map/-/merge-source-map-1.1.0.tgz",
      "integrity": "sha512-Qkcp7P2ygktpMPh2mCQZaf3jhN6D3Z/qVZHSdWvQ+2Ef5HgRAPBO57A77+ENm0CPx2+1Ce/MYKi3ymqdfuqibw==",
      "dev": true,
      "license": "MIT",
      "dependencies": {
        "source-map": "^0.6.1"
      }
    },
    "node_modules/merge-source-map/node_modules/source-map": {
      "version": "0.6.1",
      "resolved": "https://registry.npmjs.org/source-map/-/source-map-0.6.1.tgz",
      "integrity": "sha512-UjgapumWlbMhkBgzT7Ykc5YXUT46F0iKu8SGXq0bcwP5dz/h0Plj6enJqjz1Zbq2l5WaqYnrVbwWOWMyF3F47g==",
      "dev": true,
      "license": "BSD-3-Clause",
      "engines": {
        "node": ">=0.10.0"
      }
    },
      "dev": true,
      "integrity": "sha512-xceH2snhtb5M9liqDsmEw56le376mTZkEX/jEb/RxNFyegNul7eNslCXP9FDj/Lcu0X8KEyMceP2ntpaHrDEVA==",
      "dev": true
      "dev": true,
    "node_modules/prettier": {
      "version": "2.8.8",
      "resolved": "https://registry.npmjs.org/prettier/-/prettier-2.8.8.tgz",
      "integrity": "sha512-tdN8qQGvNjw4CHbY+XXk0JgCXn9QiF21a55rBe5LJAU+kDyC4WQn4+awm2Xfk2lQMk5fKup9XgzTZtGkjBdP9Q==",
      "dev": true,
      "license": "MIT",
      "optional": true,
      "bin": {
        "prettier": "bin-prettier.js"
      },
      "engines": {
        "node": ">=10.13.0"
      },
      "funding": {
        "url": "https://github.com/prettier/prettier?sponsor=1"
      }
    },
      "dev": true,
      "version": "2.6.14",
      "resolved": "https://registry.npmjs.org/vue/-/vue-2.6.14.tgz",
      "integrity": "sha512-x2284lgYvjOMj3Za7kqzRcUSxBboHqtgRE2zlos1qWaOye5yUmHn42LB1250NJBLRwEcdrB0JRwyPTEPhfQjiQ==",
      "deprecated": "Vue 2 has reached EOL and is no longer actively maintained. See https://v2.vuejs.org/eol/ for more details.",
      "license": "MIT"
    "node_modules/vue-hot-reload-api": {
      "version": "2.3.4",
      "resolved": "https://registry.npmjs.org/vue-hot-reload-api/-/vue-hot-reload-api-2.3.4.tgz",
      "integrity": "sha512-BXq3jwIagosjgNVae6tkHzzIk6a8MHFtzAdwhnV5VlvPTFxDCvIttgSiHWjdGoTJvXtmRu5HacExfdarRcFhog==",
      "dev": true,
      "license": "MIT"
    },
      "version": "15.11.1",
      "resolved": "https://registry.npmjs.org/vue-loader/-/vue-loader-15.11.1.tgz",
      "integrity": "sha512-0iw4VchYLePqJfJu9s62ACWUXeSqM30SQqlIftbYWM3C+jpPcEHKSPUZBLjSF9au4HTHQ/naF6OGnO3Q/qGR3Q==",
      "license": "MIT",
        "@vue/component-compiler-utils": "^3.1.0",
        "hash-sum": "^1.0.2",
        "loader-utils": "^1.1.0",
        "vue-hot-reload-api": "^2.3.0",
        "vue-style-loader": "^4.1.0"
        "css-loader": "*",
        "webpack": "^3.0.0 || ^4.1.0 || ^5.0.0-0"
        "cache-loader": {
          "optional": true
        },
        "prettier": {
        "vue-template-compiler": {
      "version": "4.1.3",
      "resolved": "https://registry.npmjs.org/vue-style-loader/-/vue-style-loader-4.1.3.tgz",
      "integrity": "sha512-sFuh0xfbtpRlKfm39ss/ikqs9AbKCoXZBpHeVZ8Tx650o0k0q/YCM7FRvigtxpACezfq6af+a7JeqVTWvncqDg==",
      "license": "MIT",
      "integrity": "sha512-qMlSxKbpRlAridDExk92nSobyDdpPijUq2DW6oDnUqd0iOGxmQjyqhMIihI9+zv4LPyZdRje2cavWPbCbWm3eA==",
      "dev": true
      "integrity": "sha512-D2hP9eA+Sqx1kBZgzxZh0y1trbuU+JoDkiEwqhQ36nodYqJwyEIhPSdMNd7lOm/4io72luTPWH20Yda0xOuUow==",
      "dev": true
      "dev": true,
      "dev": true
      "dev": true,
    "@eslint/eslintrc": {
      "version": "2.1.4",
      "resolved": "https://registry.npmjs.org/@eslint/eslintrc/-/eslintrc-2.1.4.tgz",
      "integrity": "sha512-269Z39MS6wVJtsoUl10L60WdkhJVdPG24Q4eZTH3nnF6lpvSShEK3wQjDX9JRWAUPvPh7COouPpU9IrqaZFvtQ==",
      "dev": true,
      "requires": {
        "ajv": "^6.12.4",
        "debug": "^4.3.2",
        "espree": "^9.6.0",
        "globals": "^13.19.0",
        "ignore": "^5.2.0",
        "import-fresh": "^3.2.1",
        "js-yaml": "^4.1.0",
        "minimatch": "^3.1.2",
        "strip-json-comments": "^3.1.1"
      },
      "dependencies": {
        "acorn": {
          "version": "8.15.0",
          "resolved": "https://registry.npmjs.org/acorn/-/acorn-8.15.0.tgz",
          "integrity": "sha512-NZyJarBfL7nWwIq+FDL6Zp/yHEhePMNnnJ0y3qfieCrmNvYct8uvtiV41UvlSe6apAfk0fY1FbWx+NwfmpvtTg==",
          "dev": true
        },
        "acorn-jsx": {
          "version": "5.3.2",
          "resolved": "https://registry.npmjs.org/acorn-jsx/-/acorn-jsx-5.3.2.tgz",
          "integrity": "sha512-rq9s+JNhf0IChjtDXxllJ7g41oZk5SlXtp0LHwyA5cejwn7vKmKp4pPri6YEePv2PU65sAsegbXtIinmDFDXgQ==",
          "dev": true
        },
        "ajv": {
          "version": "6.12.6",
          "resolved": "https://registry.npmjs.org/ajv/-/ajv-6.12.6.tgz",
          "integrity": "sha512-j3fVLgvTo527anyYyJOGTYJbG+vnnQYvE0m5mmkc1TK+nxAppkCLMIL0aZ4dblVCNoGShhm+kzE4ZUykBoMg4g==",
          "dev": true,
          "requires": {
            "fast-deep-equal": "^3.1.1",
            "fast-json-stable-stringify": "^2.0.0",
            "json-schema-traverse": "^0.4.1",
            "uri-js": "^4.2.2"
          }
        },
        "argparse": {
          "version": "2.0.1",
          "resolved": "https://registry.npmjs.org/argparse/-/argparse-2.0.1.tgz",
          "integrity": "sha512-8+9WqebbFzpX9OR+Wa6O29asIogeRMzcGtAINdpMHHyAg10f05aSFVBbcEqGf/PXw1EjAZ+q2/bEBg3DvurK3Q==",
          "dev": true
        },
        "eslint-visitor-keys": {
          "version": "3.4.3",
          "resolved": "https://registry.npmjs.org/eslint-visitor-keys/-/eslint-visitor-keys-3.4.3.tgz",
          "integrity": "sha512-wpc+LXeiyiisxPlEkUzU6svyS1frIO3Mgxj1fdy7Pm8Ygzguax2N3Fa/D/ag1WqbOprdI+uY6wMUl8/a2G+iag==",
          "dev": true
        },
        "espree": {
          "version": "9.6.1",
          "resolved": "https://registry.npmjs.org/espree/-/espree-9.6.1.tgz",
          "integrity": "sha512-oruZaFkjorTpF32kDSI5/75ViwGeZginGGy2NoOSg3Q9bnwlnmDm4HLnkl0RE3n+njDXR037aY1+x58Z/zFdwQ==",
          "dev": true,
          "requires": {
            "acorn": "^8.9.0",
            "acorn-jsx": "^5.3.2",
            "eslint-visitor-keys": "^3.4.1"
          }
        },
        "fast-deep-equal": {
          "version": "3.1.3",
          "resolved": "https://registry.npmjs.org/fast-deep-equal/-/fast-deep-equal-3.1.3.tgz",
          "integrity": "sha512-f3qQ9oQy9j2AhBe/H9VC91wLmKBCCU/gDOnKNAYG5hswO7BLKj09Hc5HYNz9cGI++xlpDCIgDaitVs03ATR84Q==",
          "dev": true
        },
        "globals": {
          "version": "13.24.0",
          "resolved": "https://registry.npmjs.org/globals/-/globals-13.24.0.tgz",
          "integrity": "sha512-AhO5QUcj8llrbG09iWhPU2B204J1xnPeL8kQmVorSsy+Sjj1sk8gIyh6cUocGmH4L0UuhAJy+hJMRA4mgA4mFQ==",
          "dev": true,
          "requires": {
            "type-fest": "^0.20.2"
          }
        },
        "ignore": {
          "version": "5.3.2",
          "resolved": "https://registry.npmjs.org/ignore/-/ignore-5.3.2.tgz",
          "integrity": "sha512-hsBTNUqQTDwkWtcdYI2i06Y/nUBEsNEDJKjWdigLvegy8kDuJAS8uRlpkkcQpyEXL0Z/pjDy5HBmMjRCJ2gq+g==",
          "dev": true
        },
        "js-yaml": {
          "version": "4.1.0",
          "resolved": "https://registry.npmjs.org/js-yaml/-/js-yaml-4.1.0.tgz",
          "integrity": "sha512-wpxZs9NoxZaJESJGIZTyDEaYpl0FKSA+FB9aJiyemKhMwkxQg63h4T1KJgUGHpTqPDNRcmmYLugrRjJlBtWvRA==",
          "dev": true,
          "requires": {
            "argparse": "^2.0.1"
          }
        },
        "json-schema-traverse": {
          "version": "0.4.1",
          "resolved": "https://registry.npmjs.org/json-schema-traverse/-/json-schema-traverse-0.4.1.tgz",
          "integrity": "sha512-xbbCH5dCYU5T8LcEhhuh7HJ88HXuW3qsI3Y0zOZFKfZEHcpWiHU/Jxzk629Brsab/mMiHQti9wMP+845RPe3Vg==",
          "dev": true
        },
        "strip-json-comments": {
          "version": "3.1.1",
          "resolved": "https://registry.npmjs.org/strip-json-comments/-/strip-json-comments-3.1.1.tgz",
          "integrity": "sha512-6fPc+R4ihwqP6N/aIv2f1gMH8lOVtWQHoqC4yK6oSDVVocumAsfCqjkXnqiYMhmMwS/mEHLp7Vehlt3ql6lEig==",
          "dev": true
        },
        "type-fest": {
          "version": "0.20.2",
          "resolved": "https://registry.npmjs.org/type-fest/-/type-fest-0.20.2.tgz",
          "integrity": "sha512-Ne+eE4r0/iWnpAxD852z3A+N0Bt5RN//NjJwRd2VFHEmrywxf5vsZlh4R6lixl6B+wz/8d+maTSAkN1FIkI3LQ==",
          "dev": true
        }
      }
    },
      "integrity": "sha512-gv3ZRaISU3fjPAgNsriBRqGWQL6quFx04YMPW/zD8XMLsU32mhCCbfbO6KZFLjvYpCZ8zyDEgqsgf+PwPaM7GQ==",
      "dev": true
      "dev": true
      "dev": true
    "@vue/component-compiler-utils": {
      "version": "3.3.0",
      "resolved": "https://registry.npmjs.org/@vue/component-compiler-utils/-/component-compiler-utils-3.3.0.tgz",
      "integrity": "sha512-97sfH2mYNU+2PzGrmK2haqffDpVASuib9/w2/noxiFi31Z54hW+q3izKQXXQZSNhtiUpAI36uSuYepeBe4wpHQ==",
      "dev": true,
        "consolidate": "^0.15.1",
        "hash-sum": "^1.0.2",
        "lru-cache": "^4.1.2",
        "merge-source-map": "^1.1.0",
        "postcss": "^7.0.36",
        "postcss-selector-parser": "^6.0.2",
        "prettier": "^1.18.2 || ^2.0.0",
        "source-map": "~0.6.1",
        "vue-template-es2015-compiler": "^1.9.0"
        "picocolors": {
          "version": "0.2.1",
          "resolved": "https://registry.npmjs.org/picocolors/-/picocolors-0.2.1.tgz",
          "integrity": "sha512-cMlDqaLEqfSaW8Z7N5Jw+lyIW869EzT73/F5lhtY9cLGoVxSXznfgfXMO0Z5K0o0Q2TkTXq+0KFsdnSe3jDViA==",
          "dev": true
        },
        "postcss": {
          "version": "7.0.39",
          "resolved": "https://registry.npmjs.org/postcss/-/postcss-7.0.39.tgz",
          "integrity": "sha512-yioayjNbHn6z1/Bywyb2Y4s3yvDAeXGOyxqD+LnVOinq6Mdmd++SW2wUNVzavyyHxd6+DxzWGIuosg6P1Rj8uA==",
          "dev": true,
          "requires": {
            "picocolors": "^0.2.1",
            "source-map": "^0.6.1"
          }
        },
        "source-map": {
          "version": "0.6.1",
          "resolved": "https://registry.npmjs.org/source-map/-/source-map-0.6.1.tgz",
          "integrity": "sha512-UjgapumWlbMhkBgzT7Ykc5YXUT46F0iKu8SGXq0bcwP5dz/h0Plj6enJqjz1Zbq2l5WaqYnrVbwWOWMyF3F47g==",
          "dev": true
      "dev": true
      "dev": true
      "integrity": "sha512-0dj+VgI9Ecom+rvvpNZ4MUZJz8dcX7WCX+eTID9+/8HgOkv3dsRzi8BGeZJCQU6flWQVYxwTQnEZFrmJSEO7og=="
    "consolidate": {
      "version": "0.15.1",
      "resolved": "https://registry.npmjs.org/consolidate/-/consolidate-0.15.1.tgz",
      "integrity": "sha512-DW46nrsMJgy9kqAbPt5rKaCr7uFtpo4mSUvLHIUbJEjm0vo+aY5QLwBUq3FK4tRnJr/X0Psc0C4jf/h+HtXSMw==",
      "dev": true,
      "requires": {
        "bluebird": "^3.1.1"
      }
    },
      "dev": true
      "dev": true
      "dev": true
      "dev": true
      "dev": true
          "dev": true
      "integrity": "sha512-fUs4B4L+mlt8/XAtSOGMUO1TXmAelItBPtJG7CyHJfYTdDjwisntGO2JQz7oUsatOY9o68+57eziUVNw/mRHmA==",
      "dev": true
      "dev": true
    "merge-source-map": {
      "version": "1.1.0",
      "resolved": "https://registry.npmjs.org/merge-source-map/-/merge-source-map-1.1.0.tgz",
      "integrity": "sha512-Qkcp7P2ygktpMPh2mCQZaf3jhN6D3Z/qVZHSdWvQ+2Ef5HgRAPBO57A77+ENm0CPx2+1Ce/MYKi3ymqdfuqibw==",
      "dev": true,
      "requires": {
        "source-map": "^0.6.1"
      },
      "dependencies": {
        "source-map": {
          "version": "0.6.1",
          "resolved": "https://registry.npmjs.org/source-map/-/source-map-0.6.1.tgz",
          "integrity": "sha512-UjgapumWlbMhkBgzT7Ykc5YXUT46F0iKu8SGXq0bcwP5dz/h0Plj6enJqjz1Zbq2l5WaqYnrVbwWOWMyF3F47g==",
          "dev": true
        }
      }
    },
      "integrity": "sha512-WNLf5Sd8oZxOm+TzppcYk8gVOgP+l58xNy58D0nbUnOxOWRWvlcCV4kUF7ltmI6PsrLl/BgKEyS4mqsGChFN0w==",
      "dev": true
      "integrity": "sha512-xceH2snhtb5M9liqDsmEw56le376mTZkEX/jEb/RxNFyegNul7eNslCXP9FDj/Lcu0X8KEyMceP2ntpaHrDEVA==",
      "dev": true
      "integrity": "sha512-+yCno2oB3xA7irTt0EU5Ezw22L2J51uKAacE/6hMPMoO/mx3h4rXFkkBkT4GFsMDv/vEe8TNKC3ujJJ0PTwb6g=="
      "dev": true,
      "dev": true
      "dev": true
      "dev": true
      "dev": true
      "dev": true
      "dev": true
    "prettier": {
      "version": "2.8.8",
      "resolved": "https://registry.npmjs.org/prettier/-/prettier-2.8.8.tgz",
      "integrity": "sha512-tdN8qQGvNjw4CHbY+XXk0JgCXn9QiF21a55rBe5LJAU+kDyC4WQn4+awm2Xfk2lQMk5fKup9XgzTZtGkjBdP9Q==",
      "dev": true,
      "optional": true
    },
          "dev": true
      "integrity": "sha512-UXWMKhLOwVKb728IUtQPXxfYU+usdybtUrK/8uGE8CQMvrhOpwvzDBwj0QhSL7MQc7vIsISBG8VQ8+IDQxpfQA==",
      "dev": true
      "dev": true
      "dev": true
          "dev": true
      "version": "2.6.14",
      "resolved": "https://registry.npmjs.org/vue/-/vue-2.6.14.tgz",
      "integrity": "sha512-x2284lgYvjOMj3Za7kqzRcUSxBboHqtgRE2zlos1qWaOye5yUmHn42LB1250NJBLRwEcdrB0JRwyPTEPhfQjiQ=="
    "vue-hot-reload-api": {
      "version": "2.3.4",
      "resolved": "https://registry.npmjs.org/vue-hot-reload-api/-/vue-hot-reload-api-2.3.4.tgz",
      "integrity": "sha512-BXq3jwIagosjgNVae6tkHzzIk6a8MHFtzAdwhnV5VlvPTFxDCvIttgSiHWjdGoTJvXtmRu5HacExfdarRcFhog==",
      "dev": true
    },
      "version": "15.11.1",
      "resolved": "https://registry.npmjs.org/vue-loader/-/vue-loader-15.11.1.tgz",
      "integrity": "sha512-0iw4VchYLePqJfJu9s62ACWUXeSqM30SQqlIftbYWM3C+jpPcEHKSPUZBLjSF9au4HTHQ/naF6OGnO3Q/qGR3Q==",
        "@vue/component-compiler-utils": "^3.1.0",
        "hash-sum": "^1.0.2",
        "loader-utils": "^1.1.0",
        "vue-hot-reload-api": "^2.3.0",
        "vue-style-loader": "^4.1.0"
      "version": "4.1.3",
      "resolved": "https://registry.npmjs.org/vue-style-loader/-/vue-style-loader-4.1.3.tgz",
      "integrity": "sha512-sFuh0xfbtpRlKfm39ss/ikqs9AbKCoXZBpHeVZ8Tx650o0k0q/YCM7FRvigtxpACezfq6af+a7JeqVTWvncqDg==",
          "dev": true
      "dev": true
